
Microsoft Visual Studio Solution File, Format Version 12.00
# Visual Studio Version 17
VisualStudioVersion = 17.5.33502.453
MinimumVisualStudioVersion = 10.0.40219.1
Project("{9A19103F-16F7-4668-BE54-9A1E7A4F7556}") = "NetCoreApp", "NetCoreApp\NetCoreApp.csproj", "{4BD67268-C54A-4B3E-8B91-53C1E1C09124}"
EndProject
Project("{C7167F0D-BC9F-4E6E-AFE1-012C56B48DB5}") = "NetCoreAppPackage", "NetCoreAppPackage\NetCoreAppPackage.wapproj", "{B059E5E1-68B8-4617-B138-69955567C3F4}"
EndProject
Project("{9A19103F-16F7-4668-BE54-9A1E7A4F7556}") = "WuxProjection", "WuxProjection\WuxProjection.csproj", "{C3F630EA-307A-4BC7-97E8-D478B633A17F}"
EndProject
Global
	GlobalSection(SolutionConfigurationPlatforms) = preSolution
		Debug|ARM64 = Debug|ARM64
		Debug|x64 = Debug|x64
		Debug|x86 = Debug|x86
		Release|ARM64 = Release|ARM64
		Release|x64 = Release|x64
		Release|x86 = Release|x86
	EndGlobalSection
	GlobalSection(ProjectConfigurationPlatforms) = postSolution
		{4BD67268-C54A-4B3E-8B91-53C1E1C09124}.Debug|ARM64.ActiveCfg = Debug|ARM64
		{4BD67268-C54A-4B3E-8B91-53C1E1C09124}.Debug|ARM64.Build.0 = Debug|ARM64
		{4BD67268-C54A-4B3E-8B91-53C1E1C09124}.Debug|x64.ActiveCfg = Debug|x64
		{4BD67268-C54A-4B3E-8B91-53C1E1C09124}.Debug|x64.Build.0 = Debug|x64
		{4BD67268-C54A-4B3E-8B91-53C1E1C09124}.Debug|x64.Deploy.0 = Debug|x64
		{4BD67268-C54A-4B3E-8B91-53C1E1C09124}.Debug|x86.ActiveCfg = Debug|x86
		{4BD67268-C54A-4B3E-8B91-53C1E1C09124}.Debug|x86.Build.0 = Debug|x86
		{4BD67268-C54A-4B3E-8B91-53C1E1C09124}.Release|ARM64.ActiveCfg = Release|ARM64
		{4BD67268-C54A-4B3E-8B91-53C1E1C09124}.Release|ARM64.Build.0 = Release|ARM64
		{4BD67268-C54A-4B3E-8B91-53C1E1C09124}.Release|x64.ActiveCfg = Release|x64
		{4BD67268-C54A-4B3E-8B91-53C1E1C09124}.Release|x64.Build.0 = Release|x64
		{4BD67268-C54A-4B3E-8B91-53C1E1C09124}.Release|x86.ActiveCfg = Release|x86
		{4BD67268-C54A-4B3E-8B91-53C1E1C09124}.Release|x86.Build.0 = Release|x86
		{B059E5E1-68B8-4617-B138-69955567C3F4}.Debug|ARM64.ActiveCfg = Debug|ARM64
		{B059E5E1-68B8-4617-B138-69955567C3F4}.Debug|ARM64.Build.0 = Debug|ARM64
		{B059E5E1-68B8-4617-B138-69955567C3F4}.Debug|ARM64.Deploy.0 = Debug|ARM64
		{B059E5E1-68B8-4617-B138-69955567C3F4}.Debug|x64.ActiveCfg = Debug|x64
		{B059E5E1-68B8-4617-B138-69955567C3F4}.Debug|x64.Build.0 = Debug|x64
		{B059E5E1-68B8-4617-B138-69955567C3F4}.Debug|x64.Deploy.0 = Debug|x64
		{B059E5E1-68B8-4617-B138-69955567C3F4}.Debug|x86.ActiveCfg = Debug|x86
		{B059E5E1-68B8-4617-B138-69955567C3F4}.Debug|x86.Build.0 = Debug|x86
		{B059E5E1-68B8-4617-B138-69955567C3F4}.Debug|x86.Deploy.0 = Debug|x86
		{B059E5E1-68B8-4617-B138-69955567C3F4}.Release|ARM64.ActiveCfg = Release|ARM64
		{B059E5E1-68B8-4617-B138-69955567C3F4}.Release|ARM64.Build.0 = Release|ARM64
		{B059E5E1-68B8-4617-B138-69955567C3F4}.Release|ARM64.Deploy.0 = Release|ARM64
		{B059E5E1-68B8-4617-B138-69955567C3F4}.Release|x64.ActiveCfg = Release|x64
		{B059E5E1-68B8-4617-B138-69955567C3F4}.Release|x64.Build.0 = Release|x64
		{B059E5E1-68B8-4617-B138-69955567C3F4}.Release|x64.Deploy.0 = Release|x64
		{B059E5E1-68B8-4617-B138-69955567C3F4}.Release|x86.ActiveCfg = Release|x86
		{B059E5E1-68B8-4617-B138-69955567C3F4}.Release|x86.Build.0 = Release|x86
		{B059E5E1-68B8-4617-B138-69955567C3F4}.Release|x86.Deploy.0 = Release|x86
		{C3F630EA-307A-4BC7-97E8-D478B633A17F}.Debug|ARM64.ActiveCfg = Debug|ARM64
		{C3F630EA-307A-4BC7-97E8-D478B633A17F}.Debug|ARM64.Build.0 = Debug|ARM64
		{C3F630EA-307A-4BC7-97E8-D478B633A17F}.Debug|x64.ActiveCfg = Debug|x64
		{C3F630EA-307A-4BC7-97E8-D478B633A17F}.Debug|x64.Build.0 = Debug|x64
		{C3F630EA-307A-4BC7-97E8-D478B633A17F}.Debug|x86.ActiveCfg = Debug|Any CPU
		{C3F630EA-307A-4BC7-97E8-D478B633A17F}.Debug|x86.Build.0 = Debug|Any CPU
		{C3F630EA-307A-4BC7-97E8-D478B633A17F}.Release|ARM64.ActiveCfg = Release|ARM64
		{C3F630EA-307A-4BC7-97E8-D478B633A17F}.Release|ARM64.Build.0 = Release|ARM64
		{C3F630EA-307A-4BC7-97E8-D478B633A17F}.Release|x64.ActiveCfg = Release|x64
		{C3F630EA-307A-4BC7-97E8-D478B633A17F}.Release|x64.Build.0 = Release|x64
		{C3F630EA-307A-4BC7-97E8-D478B633A17F}.Release|x86.ActiveCfg = Release|Any CPU
		{C3F630EA-307A-4BC7-97E8-D478B633A17F}.Release|x86.Build.0 = Release|Any CPU
	EndGlobalSection
	GlobalSection(SolutionProperties) = preSolution
		HideSolutionNode = FALSE
	EndGlobalSection
	GlobalSection(ExtensibilityGlobals) = postSolution
		SolutionGuid = {2F83FCE6-75E2-476C-AA91-770C2F3E16AC}
	EndGlobalSection
EndGlobal
